
Microsoft Visual Studio Solution File, Format Version 12.00
# Visual Studio Version 16
VisualStudioVersion = 16.0.31005.135
MinimumVisualStudioVersion = 10.0.40219.1
Project("{FAE04EC0-301F-11D3-BF4B-00C04F79EFBC}") = "Sber.SmartApp.Models", "Sber.SmartApp.Models.csproj", "{A1985ED8-7B45-465C-8DBC-2FE4C84F2AFE}"
EndProject
Global
	GlobalSection(SolutionConfigurationPlatforms) = preSolution
		Debug|Any CPU = Debug|Any CPU
		Release|Any CPU = Release|Any CPU
	EndGlobalSection
	GlobalSection(ProjectConfigurationPlatforms) = postSolution
		{A1985ED8-7B45-465C-8DBC-2FE4C84F2AFE}.Debug|Any CPU.ActiveCfg = Debug|Any CPU
		{A1985ED8-7B45-465C-8DBC-2FE4C84F2AFE}.Debug|Any CPU.Build.0 = Debug|Any CPU
		{A1985ED8-7B45-465C-8DBC-2FE4C84F2AFE}.Release|Any CPU.ActiveCfg = Release|Any CPU
		{A1985ED8-7B45-465C-8DBC-2FE4C84F2AFE}.Release|Any CPU.Build.0 = Release|Any CPU
	EndGlobalSection
	GlobalSection(SolutionProperties) = preSolution
		HideSolutionNode = FALSE
	EndGlobalSection
	GlobalSection(ExtensibilityGlobals) = postSolution
		SolutionGuid = {EE62179D-6E44-45E7-A759-276B598CAC32}
	EndGlobalSection
EndGlobal
